
Microsoft Visual Studio Solution File, Format Version 12.00
# Visual Studio Version 17
VisualStudioVersion = 17.2.32630.192
MinimumVisualStudioVersion = 10.0.40219.1
Project("{FAE04EC0-301F-11D3-BF4B-00C04F79EFBC}") = "dimabul4", "dimabul4\dimabul4.csproj", "{8A827DBB-7EAA-40E2-B239-EB5E9EC8EAFD}"
EndProject
Project("{FAE04EC0-301F-11D3-BF4B-00C04F79EFBC}") = "LabsLibrary", "LabsLibrary\LabsLibrary.csproj", "{1837AF65-F9E3-4F9D-845D-E6D95BDCA11B}"
EndProject
Global
	GlobalSection(SolutionConfigurationPlatforms) = preSolution
		Debug|Any CPU = Debug|Any CPU
		Release|Any CPU = Release|Any CPU
	EndGlobalSection
	GlobalSection(ProjectConfigurationPlatforms) = postSolution
		{8A827DBB-7EAA-40E2-B239-EB5E9EC8EAFD}.Debug|Any CPU.ActiveCfg = Debug|Any CPU
		{8A827DBB-7EAA-40E2-B239-EB5E9EC8EAFD}.Debug|Any CPU.Build.0 = Debug|Any CPU
		{8A827DBB-7EAA-40E2-B239-EB5E9EC8EAFD}.Release|Any CPU.ActiveCfg = Release|Any CPU
		{8A827DBB-7EAA-40E2-B239-EB5E9EC8EAFD}.Release|Any CPU.Build.0 = Release|Any CPU
		{1837AF65-F9E3-4F9D-845D-E6D95BDCA11B}.Debug|Any CPU.ActiveCfg = Debug|Any CPU
		{1837AF65-F9E3-4F9D-845D-E6D95BDCA11B}.Debug|Any CPU.Build.0 = Debug|Any CPU
		{1837AF65-F9E3-4F9D-845D-E6D95BDCA11B}.Release|Any CPU.ActiveCfg = Release|Any CPU
		{1837AF65-F9E3-4F9D-845D-E6D95BDCA11B}.Release|Any CPU.Build.0 = Release|Any CPU
	EndGlobalSection
	GlobalSection(SolutionProperties) = preSolution
		HideSolutionNode = FALSE
	EndGlobalSection
	GlobalSection(ExtensibilityGlobals) = postSolution
		SolutionGuid = {67EF8C95-D4DA-446A-B278-47F32C818122}
	EndGlobalSection
EndGlobal
